
Microsoft Visual Studio Solution File, Format Version 12.00
# Visual Studio Version 16
VisualStudioVersion = 16.0.30002.166
MinimumVisualStudioVersion = 10.0.40219.1
Project("{9A19103F-16F7-4668-BE54-9A1E7A4F7556}") = "KestrelMock", "KestrelMock\KestrelMock.csproj", "{CAB2FE14-542A-441D-9B54-6917B977AE83}"
EndProject
Project("{9A19103F-16F7-4668-BE54-9A1E7A4F7556}") = "KestrelMock.Tests", "KestrelMock.Tests\KestrelMock.Tests.csproj", "{F642814E-3316-4592-8784-F072186F6A32}"
EndProject
Project("{9A19103F-16F7-4668-BE54-9A1E7A4F7556}") = "KestrelMockServer", "KestrelMockServer\KestrelMockServer.csproj", "{107E9515-EAC8-4FBD-BD60-51B9186338B6}"
EndProject
Global
	GlobalSection(SolutionConfigurationPlatforms) = preSolution
		Debug|Any CPU = Debug|Any CPU
		Release|Any CPU = Release|Any CPU
	EndGlobalSection
	GlobalSection(ProjectConfigurationPlatforms) = postSolution
		{CAB2FE14-542A-441D-9B54-6917B977AE83}.Debug|Any CPU.ActiveCfg = Debug|Any CPU
		{CAB2FE14-542A-441D-9B54-6917B977AE83}.Debug|Any CPU.Build.0 = Debug|Any CPU
		{CAB2FE14-542A-441D-9B54-6917B977AE83}.Release|Any CPU.ActiveCfg = Release|Any CPU
		{CAB2FE14-542A-441D-9B54-6917B977AE83}.Release|Any CPU.Build.0 = Release|Any CPU
		{F642814E-3316-4592-8784-F072186F6A32}.Debug|Any CPU.ActiveCfg = Debug|Any CPU
		{F642814E-3316-4592-8784-F072186F6A32}.Debug|Any CPU.Build.0 = Debug|Any CPU
		{F642814E-3316-4592-8784-F072186F6A32}.Release|Any CPU.ActiveCfg = Release|Any CPU
		{F642814E-3316-4592-8784-F072186F6A32}.Release|Any CPU.Build.0 = Release|Any CPU
		{107E9515-EAC8-4FBD-BD60-51B9186338B6}.Debug|Any CPU.ActiveCfg = Debug|Any CPU
		{107E9515-EAC8-4FBD-BD60-51B9186338B6}.Debug|Any CPU.Build.0 = Debug|Any CPU
		{107E9515-EAC8-4FBD-BD60-51B9186338B6}.Release|Any CPU.ActiveCfg = Release|Any CPU
		{107E9515-EAC8-4FBD-BD60-51B9186338B6}.Release|Any CPU.Build.0 = Release|Any CPU
	EndGlobalSection
	GlobalSection(SolutionProperties) = preSolution
		HideSolutionNode = FALSE
	EndGlobalSection
	GlobalSection(ExtensibilityGlobals) = postSolution
		SolutionGuid = {F8DEC5B6-FE32-41A0-A57E-712F12F96D46}
	EndGlobalSection
EndGlobal
