
Microsoft Visual Studio Solution File, Format Version 12.00
# Visual Studio 15
VisualStudioVersion = 15.0.28307.329
MinimumVisualStudioVersion = 10.0.40219.1
Project("{FAE04EC0-301F-11D3-BF4B-00C04F79EFBC}") = "KestrelMock", "KestrelMock\KestrelMock.csproj", "{CAB2FE14-542A-441D-9B54-6917B977AE83}"
EndProject
Global
	GlobalSection(SolutionConfigurationPlatforms) = preSolution
		Debug|Any CPU = Debug|Any CPU
		Release|Any CPU = Release|Any CPU
	EndGlobalSection
	GlobalSection(ProjectConfigurationPlatforms) = postSolution
		{CAB2FE14-542A-441D-9B54-6917B977AE83}.Debug|Any CPU.ActiveCfg = Debug|Any CPU
		{CAB2FE14-542A-441D-9B54-6917B977AE83}.Debug|Any CPU.Build.0 = Debug|Any CPU
		{CAB2FE14-542A-441D-9B54-6917B977AE83}.Release|Any CPU.ActiveCfg = Release|Any CPU
		{CAB2FE14-542A-441D-9B54-6917B977AE83}.Release|Any CPU.Build.0 = Release|Any CPU
	EndGlobalSection
	GlobalSection(SolutionProperties) = preSolution
		HideSolutionNode = FALSE
	EndGlobalSection
	GlobalSection(ExtensibilityGlobals) = postSolution
		SolutionGuid = {F8DEC5B6-FE32-41A0-A57E-712F12F96D46}
	EndGlobalSection
EndGlobal
